// !$*UTF8*$!
{
	archiveVersion = 1;
	classes = {
	};
	objectVersion = 46;
	objects = {

/* Begin PBXBuildFile section */
		DF18A51F198FE17E00829DDC /* icon.png in Resources */ = {isa = PBXBuildFile; fileRef = DF18A516198FE17E00829DDC /* icon.png */; };
		DF18A520198FE17E00829DDC /* iconipad.png in Resources */ = {isa = PBXBuildFile; fileRef = DF18A517198FE17E00829DDC /* iconipad.png */; };
		DF18A521198FE17E00829DDC /* iconipadNormal.png in Resources */ = {isa = PBXBuildFile; fileRef = DF18A518198FE17E00829DDC /* iconipadNormal.png */; };
		DF18A522198FE17E00829DDC /* ipad.png in Resources */ = {isa = PBXBuildFile; fileRef = DF18A519198FE17E00829DDC /* ipad.png */; };
		DF18A523198FE17E00829DDC /* ipadHR.png in Resources */ = {isa = PBXBuildFile; fileRef = DF18A51A198FE17E00829DDC /* ipadHR.png */; };
		DF18A524198FE17E00829DDC /* ipadHRLS.png in Resources */ = {isa = PBXBuildFile; fileRef = DF18A51B198FE17E00829DDC /* ipadHRLS.png */; };
		DF18A525198FE17E00829DDC /* ipadLS.png in Resources */ = {isa = PBXBuildFile; fileRef = DF18A51C198FE17E00829DDC /* ipadLS.png */; };
		DF18A526198FE17E00829DDC /* launchimg.png in Resources */ = {isa = PBXBuildFile; fileRef = DF18A51D198FE17E00829DDC /* launchimg.png */; };
		DF18A527198FE17E00829DDC /* launchimg2.png in Resources */ = {isa = PBXBuildFile; fileRef = DF18A51E198FE17E00829DDC /* launchimg2.png */; };
		DF18A52A198FE3BC00829DDC /* iconiphoneNormal.png in Resources */ = {isa = PBXBuildFile; fileRef = DF18A528198FE3BC00829DDC /* iconiphoneNormal.png */; };
		DF18A52B198FE3BC00829DDC /* iphoneNormal.png in Resources */ = {isa = PBXBuildFile; fileRef = DF18A529198FE3BC00829DDC /* iphoneNormal.png */; };
		DF422C91198F9FED00B62997 /* AudioController.mm in Sources */ = {isa = PBXBuildFile; fileRef = DF422C8A198F9FED00B62997 /* AudioController.mm */; };
		DF422C92198F9FED00B62997 /* BufferManager.cpp in Sources */ = {isa = PBXBuildFile; fileRef = DF422C8B198F9FED00B62997 /* BufferManager.cpp */; };
		DF422C93198F9FED00B62997 /* DCRejectionFilter.cpp in Sources */ = {isa = PBXBuildFile; fileRef = DF422C8D198F9FED00B62997 /* DCRejectionFilter.cpp */; };
		DF422C94198F9FED00B62997 /* WaveFFTCepstrumHelper.cpp in Sources */ = {isa = PBXBuildFile; fileRef = DF422C8F198F9FED00B62997 /* WaveFFTCepstrumHelper.cpp */; };
		DF422C9F198FA01B00B62997 /* CADebugMacros.cpp in Sources */ = {isa = PBXBuildFile; fileRef = DF422C97198FA01B00B62997 /* CADebugMacros.cpp */; };
		DF422CA0198FA01B00B62997 /* CAStreamBasicDescription.cpp in Sources */ = {isa = PBXBuildFile; fileRef = DF422C9B198FA01B00B62997 /* CAStreamBasicDescription.cpp */; };
		DF422CA1198FA01B00B62997 /* CAXException.cpp in Sources */ = {isa = PBXBuildFile; fileRef = DF422C9D198FA01B00B62997 /* CAXException.cpp */; };
		DF45BBE7198F8E4A00C2BFB3 /* Foundation.framework in Frameworks */ = {isa = PBXBuildFile; fileRef = DF45BBE6198F8E4A00C2BFB3 /* Foundation.framework */; };
		DF45BBE9198F8E4A00C2BFB3 /* CoreGraphics.framework in Frameworks */ = {isa = PBXBuildFile; fileRef = DF45BBE8198F8E4A00C2BFB3 /* CoreGraphics.framework */; };
		DF45BBEB198F8E4A00C2BFB3 /* UIKit.framework in Frameworks */ = {isa = PBXBuildFile; fileRef = DF45BBEA198F8E4A00C2BFB3 /* UIKit.framework */; };
		DF45BBED198F8E4A00C2BFB3 /* SpriteKit.framework in Frameworks */ = {isa = PBXBuildFile; fileRef = DF45BBEC198F8E4A00C2BFB3 /* SpriteKit.framework */; };
		DF45BBF3198F8E4A00C2BFB3 /* InfoPlist.strings in Resources */ = {isa = PBXBuildFile; fileRef = DF45BBF1198F8E4A00C2BFB3 /* InfoPlist.strings */; };
		DF45BBF5198F8E4A00C2BFB3 /* main.m in Sources */ = {isa = PBXBuildFile; fileRef = DF45BBF4198F8E4A00C2BFB3 /* main.m */; };
		DF45BBF9198F8E4A00C2BFB3 /* AppDelegate.mm in Sources */ = {isa = PBXBuildFile; fileRef = DF45BBF8198F8E4A00C2BFB3 /* AppDelegate.mm */; };
		DF45BBFC198F8E4A00C2BFB3 /* Main.storyboard in Resources */ = {isa = PBXBuildFile; fileRef = DF45BBFA198F8E4A00C2BFB3 /* Main.storyboard */; };
		DF45BBFF198F8E4A00C2BFB3 /* ViewController.mm in Sources */ = {isa = PBXBuildFile; fileRef = DF45BBFE198F8E4A00C2BFB3 /* ViewController.mm */; };
		DF45BC06198F8E4A00C2BFB3 /* Images.xcassets in Resources */ = {isa = PBXBuildFile; fileRef = DF45BC05198F8E4A00C2BFB3 /* Images.xcassets */; };
		DF45BC0D198F8E4B00C2BFB3 /* XCTest.framework in Frameworks */ = {isa = PBXBuildFile; fileRef = DF45BC0C198F8E4B00C2BFB3 /* XCTest.framework */; };
		DF45BC0E198F8E4B00C2BFB3 /* Foundation.framework in Frameworks */ = {isa = PBXBuildFile; fileRef = DF45BBE6198F8E4A00C2BFB3 /* Foundation.framework */; };
		DF45BC0F198F8E4B00C2BFB3 /* UIKit.framework in Frameworks */ = {isa = PBXBuildFile; fileRef = DF45BBEA198F8E4A00C2BFB3 /* UIKit.framework */; };
		DF45BC17198F8E4B00C2BFB3 /* InfoPlist.strings in Resources */ = {isa = PBXBuildFile; fileRef = DF45BC15198F8E4B00C2BFB3 /* InfoPlist.strings */; };
		DF45BC19198F8E4B00C2BFB3 /* The_Singing_CoachTests.m in Sources */ = {isa = PBXBuildFile; fileRef = DF45BC18198F8E4B00C2BFB3 /* The_Singing_CoachTests.m */; };
		DF45BC5C198F8E8700C2BFB3 /* arrow2.png in Resources */ = {isa = PBXBuildFile; fileRef = DF45BC24198F8E8600C2BFB3 /* arrow2.png */; };
		DF45BC5E198F8E8700C2BFB3 /* beneathyourbeautiful.mp3 in Resources */ = {isa = PBXBuildFile; fileRef = DF45BC26198F8E8600C2BFB3 /* beneathyourbeautiful.mp3 */; };
		DF45BC60198F8E8700C2BFB3 /* birdy.txt in Resources */ = {isa = PBXBuildFile; fileRef = DF45BC28198F8E8600C2BFB3 /* birdy.txt */; };
		DF45BC61198F8E8700C2BFB3 /* button.mp3 in Resources */ = {isa = PBXBuildFile; fileRef = DF45BC29198F8E8600C2BFB3 /* button.mp3 */; };
		DF45BC62198F8E8700C2BFB3 /* chandelier.mp3 in Resources */ = {isa = PBXBuildFile; fileRef = DF45BC2A198F8E8600C2BFB3 /* chandelier.mp3 */; };
		DF45BC64198F8E8700C2BFB3 /* ChandelierLyrics.txt in Resources */ = {isa = PBXBuildFile; fileRef = DF45BC2C198F8E8600C2BFB3 /* ChandelierLyrics.txt */; };
		DF45BC65198F8E8700C2BFB3 /* chandelierSia.txt in Resources */ = {isa = PBXBuildFile; fileRef = DF45BC2D198F8E8600C2BFB3 /* chandelierSia.txt */; };
		DF45BC69198F8E8700C2BFB3 /* demons.mp3 in Resources */ = {isa = PBXBuildFile; fileRef = DF45BC31198F8E8700C2BFB3 /* demons.mp3 */; };
		DF45BC6B198F8E8700C2BFB3 /* demonslyrics.txt in Resources */ = {isa = PBXBuildFile; fileRef = DF45BC33198F8E8700C2BFB3 /* demonslyrics.txt */; };
		DF45BC6E198F8E8700C2BFB3 /* explode.sks in Resources */ = {isa = PBXBuildFile; fileRef = DF45BC36198F8E8700C2BFB3 /* explode.sks */; };
		DF45BC72198F8E8700C2BFB3 /* imagineDragons.txt in Resources */ = {isa = PBXBuildFile; fileRef = DF45BC3A198F8E8700C2BFB3 /* imagineDragons.txt */; };
		DF45BC7C198F8E8700C2BFB3 /* pauseWord.png in Resources */ = {isa = PBXBuildFile; fileRef = DF45BC44198F8E8700C2BFB3 /* pauseWord.png */; };
		DF45BC82198F8E8700C2BFB3 /* labrinth.txt in Resources */ = {isa = PBXBuildFile; fileRef = DF45BC4A198F8E8700C2BFB3 /* labrinth.txt */; };
		DF45BC83198F8E8700C2BFB3 /* sandeLyrics.txt in Resources */ = {isa = PBXBuildFile; fileRef = DF45BC4B198F8E8700C2BFB3 /* sandeLyrics.txt */; };
		DF45BC85198F8E8700C2BFB3 /* saysomething.mp3 in Resources */ = {isa = PBXBuildFile; fileRef = DF45BC4D198F8E8700C2BFB3 /* saysomething.mp3 */; };
		DF45BC87198F8E8700C2BFB3 /* saysomething.txt in Resources */ = {isa = PBXBuildFile; fileRef = DF45BC4F198F8E8700C2BFB3 /* saysomething.txt */; };
		DF45BC88198F8E8700C2BFB3 /* saySomethingLyrics.txt in Resources */ = {isa = PBXBuildFile; fileRef = DF45BC50198F8E8700C2BFB3 /* saySomethingLyrics.txt */; };
		DF45BC8B198F8E8700C2BFB3 /* sixdegrees.mp3 in Resources */ = {isa = PBXBuildFile; fileRef = DF45BC53198F8E8700C2BFB3 /* sixdegrees.mp3 */; };
		DF45BC8C198F8E8700C2BFB3 /* sixdegrees.txt in Resources */ = {isa = PBXBuildFile; fileRef = DF45BC54198F8E8700C2BFB3 /* sixdegrees.txt */; };
		DF45BC8D198F8E8700C2BFB3 /* sixdgLyrics.txt in Resources */ = {isa = PBXBuildFile; fileRef = DF45BC55198F8E8700C2BFB3 /* sixdgLyrics.txt */; };
		DF45BC8E198F8E8700C2BFB3 /* spark.png in Resources */ = {isa = PBXBuildFile; fileRef = DF45BC56198F8E8700C2BFB3 /* spark.png */; };
		DF45BC8F198F8E8700C2BFB3 /* strike.png in Resources */ = {isa = PBXBuildFile; fileRef = DF45BC57198F8E8700C2BFB3 /* strike.png */; };
		DF45BC90198F8E8700C2BFB3 /* wings.mp3 in Resources */ = {isa = PBXBuildFile; fileRef = DF45BC58198F8E8700C2BFB3 /* wings.mp3 */; };
		DF45BC92198F8E8700C2BFB3 /* wingslyrics.txt in Resources */ = {isa = PBXBuildFile; fileRef = DF45BC5A198F8E8700C2BFB3 /* wingslyrics.txt */; };
		DF8E09701991694100E72FF1 /* EnterPlayerName.png in Resources */ = {isa = PBXBuildFile; fileRef = DF8E096D1991694100E72FF1 /* EnterPlayerName.png */; };
		DF8E09711991694100E72FF1 /* exitSure.png in Resources */ = {isa = PBXBuildFile; fileRef = DF8E096E1991694100E72FF1 /* exitSure.png */; };
		DF8E09721991694100E72FF1 /* MainMenuPic.png in Resources */ = {isa = PBXBuildFile; fileRef = DF8E096F1991694100E72FF1 /* MainMenuPic.png */; };
		DF8E097619916C5700E72FF1 /* BeginOverlay.png in Resources */ = {isa = PBXBuildFile; fileRef = DF8E097319916C5700E72FF1 /* BeginOverlay.png */; };
		DF8E097719916C5700E72FF1 /* PauseOverlayHeadphone.png in Resources */ = {isa = PBXBuildFile; fileRef = DF8E097419916C5700E72FF1 /* PauseOverlayHeadphone.png */; };
		DF8E097C1991703600E72FF1 /* Chandelier.png in Resources */ = {isa = PBXBuildFile; fileRef = DF8E097B1991703600E72FF1 /* Chandelier.png */; };
		DF8E097E1991703C00E72FF1 /* cusSong.png in Resources */ = {isa = PBXBuildFile; fileRef = DF8E097D1991703C00E72FF1 /* cusSong.png */; };
		DF8E09801991704100E72FF1 /* CustomSong.png in Resources */ = {isa = PBXBuildFile; fileRef = DF8E097F1991704100E72FF1 /* CustomSong.png */; };
		DF8E09821991706E00E72FF1 /* customSongOverlay.png in Resources */ = {isa = PBXBuildFile; fileRef = DF8E09811991706E00E72FF1 /* customSongOverlay.png */; };
		DF8E09841991708400E72FF1 /* Demons.png in Resources */ = {isa = PBXBuildFile; fileRef = DF8E09831991708400E72FF1 /* Demons.png */; };
		DF8E09861991708D00E72FF1 /* filenotfound.png in Resources */ = {isa = PBXBuildFile; fileRef = DF8E09851991708D00E72FF1 /* filenotfound.png */; };
		DF8E09891991709400E72FF1 /* Listen.png in Resources */ = {isa = PBXBuildFile; fileRef = DF8E09871991709400E72FF1 /* Listen.png */; };
		DF8E098A1991709400E72FF1 /* ListenOff.png in Resources */ = {isa = PBXBuildFile; fileRef = DF8E09881991709400E72FF1 /* ListenOff.png */; };
		DF8E098E1991709B00E72FF1 /* SaySomething.png in Resources */ = {isa = PBXBuildFile; fileRef = DF8E098B1991709B00E72FF1 /* SaySomething.png */; };
		DF8E098F1991709B00E72FF1 /* SelectSong.png in Resources */ = {isa = PBXBuildFile; fileRef = DF8E098C1991709B00E72FF1 /* SelectSong.png */; };
		DF8E09901991709B00E72FF1 /* wings.png in Resources */ = {isa = PBXBuildFile; fileRef = DF8E098D1991709B00E72FF1 /* wings.png */; };
		DF8E09951991745D00E72FF1 /* 1beat.png in Resources */ = {isa = PBXBuildFile; fileRef = DF8E09911991745D00E72FF1 /* 1beat.png */; };
		DF8E09961991745D00E72FF1 /* bg.png in Resources */ = {isa = PBXBuildFile; fileRef = DF8E09921991745D00E72FF1 /* bg.png */; };
		DF8E09971991745D00E72FF1 /* gameover.png in Resources */ = {isa = PBXBuildFile; fileRef = DF8E09931991745D00E72FF1 /* gameover.png */; };
		DF8E09981991745D00E72FF1 /* Pause.png in Resources */ = {isa = PBXBuildFile; fileRef = DF8E09941991745D00E72FF1 /* Pause.png */; };
		DF8E099A1991772F00E72FF1 /* PauseOverlay.png in Resources */ = {isa = PBXBuildFile; fileRef = DF8E09991991772F00E72FF1 /* PauseOverlay.png */; };
		DF8E09A21991797800E72FF1 /* pianoA2A4.png in Resources */ = {isa = PBXBuildFile; fileRef = DF8E099D1991797800E72FF1 /* pianoA2A4.png */; };
		DF8E09A31991797800E72FF1 /* pianoB2B4.png in Resources */ = {isa = PBXBuildFile; fileRef = DF8E099E1991797800E72FF1 /* pianoB2B4.png */; };
		DF8E09A41991797800E72FF1 /* pianoD3D5.png in Resources */ = {isa = PBXBuildFile; fileRef = DF8E099F1991797800E72FF1 /* pianoD3D5.png */; };
		DF8E09A51991797800E72FF1 /* pianoG2G4.png in Resources */ = {isa = PBXBuildFile; fileRef = DF8E09A01991797800E72FF1 /* pianoG2G4.png */; };
		DF8E09A819917A6B00E72FF1 /* ScoreLine.png in Resources */ = {isa = PBXBuildFile; fileRef = DF8E09A719917A6B00E72FF1 /* ScoreLine.png */; };
		DF8E09AC1991816700E72FF1 /* pianoG3G5.png in Resources */ = {isa = PBXBuildFile; fileRef = DF8E09AB1991816700E72FF1 /* pianoG3G5.png */; };
		DF8E09AE1991816E00E72FF1 /* lyricsOverlay.png in Resources */ = {isa = PBXBuildFile; fileRef = DF8E09AD1991816E00E72FF1 /* lyricsOverlay.png */; };
		DF8E09B01991895200E72FF1 /* saveRecording.png in Resources */ = {isa = PBXBuildFile; fileRef = DF8E09AF1991895200E72FF1 /* saveRecording.png */; };
		DFEB75C8198F926F00DD9A09 /* Accelerate.framework in Frameworks */ = {isa = PBXBuildFile; fileRef = DFEB75C4198F926F00DD9A09 /* Accelerate.framework */; };
		DFEB75C9198F926F00DD9A09 /* AudioToolbox.framework in Frameworks */ = {isa = PBXBuildFile; fileRef = DFEB75C5198F926F00DD9A09 /* AudioToolbox.framework */; };
		DFEB75CA198F926F00DD9A09 /* AVFoundation.framework in Frameworks */ = {isa = PBXBuildFile; fileRef = DFEB75C6198F926F00DD9A09 /* AVFoundation.framework */; };
		DFEB75CB198F926F00DD9A09 /* CoreAudio.framework in Frameworks */ = {isa = PBXBuildFile; fileRef = DFEB75C7198F926F00DD9A09 /* CoreAudio.framework */; };
		DFEB75DB198F931500DD9A09 /* SongScene.mm in Sources */ = {isa = PBXBuildFile; fileRef = DFEB75DA198F931500DD9A09 /* SongScene.mm */; };
		DFEB75DE198F936800DD9A09 /* SongChooseMenu.mm in Sources */ = {isa = PBXBuildFile; fileRef = DFEB75DD198F936800DD9A09 /* SongChooseMenu.mm */; };
		DFEB75E1198F939200DD9A09 /* ExitSure.mm in Sources */ = {isa = PBXBuildFile; fileRef = DFEB75E0198F939200DD9A09 /* ExitSure.mm */; };
		DFEB75E4198F93B300DD9A09 /* MainMenu.mm in Sources */ = {isa = PBXBuildFile; fileRef = DFEB75E3198F93B300DD9A09 /* MainMenu.mm */; };
		DFEB75E7198F93D100DD9A09 /* HighScorePage.mm in Sources */ = {isa = PBXBuildFile; fileRef = DFEB75E6198F93D100DD9A09 /* HighScorePage.mm */; };
		DFEB75EA198F93F200DD9A09 /* HeadPhones.mm in Sources */ = {isa = PBXBuildFile; fileRef = DFEB75E9198F93F200DD9A09 /* HeadPhones.mm */; };
		DFEB75ED198F948500DD9A09 /* NoteClass.m in Sources */ = {isa = PBXBuildFile; fileRef = DFEB75EC198F948500DD9A09 /* NoteClass.m */; };
/* End PBXBuildFile section */

/* Begin PBXContainerItemProxy section */
		DF45BC10198F8E4B00C2BFB3 /* PBXContainerItemProxy */ = {
			isa = PBXContainerItemProxy;
			containerPortal = DF45BBDB198F8E4A00C2BFB3 /* Project object */;
			proxyType = 1;
			remoteGlobalIDString = DF45BBE2198F8E4A00C2BFB3;
			remoteInfo = "The Singing Coach";
		};
/* End PBXContainerItemProxy section */

/* Begin PBXFileReference section */
		DF18A516198FE17E00829DDC /* icon.png */ = {isa = PBXFileReference; lastKnownFileType = image.png; path = icon.png; sourceTree = "<group>"; };
		DF18A517198FE17E00829DDC /* iconipad.png */ = {isa = PBXFileReference; lastKnownFileType = image.png; path = iconipad.png; sourceTree = "<group>"; };
		DF18A518198FE17E00829DDC /* iconipadNormal.png */ = {isa = PBXFileReference; lastKnownFileType = image.png; path = iconipadNormal.png; sourceTree = "<group>"; };
		DF18A519198FE17E00829DDC /* ipad.png */ = {isa = PBXFileReference; lastKnownFileType = image.png; path = ipad.png; sourceTree = "<group>"; };
		DF18A51A198FE17E00829DDC /* ipadHR.png */ = {isa = PBXFileReference; lastKnownFileType = image.png; path = ipadHR.png; sourceTree = "<group>"; };
		DF18A51B198FE17E00829DDC /* ipadHRLS.png */ = {isa = PBXFileReference; lastKnownFileType = image.png; path = ipadHRLS.png; sourceTree = "<group>"; };
		DF18A51C198FE17E00829DDC /* ipadLS.png */ = {isa = PBXFileReference; lastKnownFileType = image.png; path = ipadLS.png; sourceTree = "<group>"; };
		DF18A51D198FE17E00829DDC /* launchimg.png */ = {isa = PBXFileReference; lastKnownFileType = image.png; path = launchimg.png; sourceTree = "<group>"; };
		DF18A51E198FE17E00829DDC /* launchimg2.png */ = {isa = PBXFileReference; lastKnownFileType = image.png; path = launchimg2.png; sourceTree = "<group>"; };
		DF18A528198FE3BC00829DDC /* iconiphoneNormal.png */ = {isa = PBXFileReference; lastKnownFileType = image.png; path = iconiphoneNormal.png; sourceTree = "<group>"; };
		DF18A529198FE3BC00829DDC /* iphoneNormal.png */ = {isa = PBXFileReference; lastKnownFileType = image.png; path = iphoneNormal.png; sourceTree = "<group>"; };
		DF422C89198F9FED00B62997 /* AudioController.h */ = {isa = PBXFileReference; fileEncoding = 4; lastKnownFileType = sourcecode.c.h; path = AudioController.h; sourceTree = "<group>"; };
		DF422C8A198F9FED00B62997 /* AudioController.mm */ = {isa = PBXFileReference; fileEncoding = 4; lastKnownFileType = sourcecode.cpp.objcpp; path = AudioController.mm; sourceTree = "<group>"; };
		DF422C8B198F9FED00B62997 /* BufferManager.cpp */ = {isa = PBXFileReference; fileEncoding = 4; lastKnownFileType = sourcecode.cpp.cpp; path = BufferManager.cpp; sourceTree = "<group>"; };
		DF422C8C198F9FED00B62997 /* BufferManager.h */ = {isa = PBXFileReference; fileEncoding = 4; lastKnownFileType = sourcecode.c.h; path = BufferManager.h; sourceTree = "<group>"; };
		DF422C8D198F9FED00B62997 /* DCRejectionFilter.cpp */ = {isa = PBXFileReference; fileEncoding = 4; lastKnownFileType = sourcecode.cpp.cpp; path = DCRejectionFilter.cpp; sourceTree = "<group>"; };
		DF422C8E198F9FED00B62997 /* DCRejectionFilter.h */ = {isa = PBXFileReference; fileEncoding = 4; lastKnownFileType = sourcecode.c.h; path = DCRejectionFilter.h; sourceTree = "<group>"; };
		DF422C8F198F9FED00B62997 /* WaveFFTCepstrumHelper.cpp */ = {isa = PBXFileReference; fileEncoding = 4; lastKnownFileType = sourcecode.cpp.cpp; path = WaveFFTCepstrumHelper.cpp; sourceTree = "<group>"; };
		DF422C90198F9FED00B62997 /* WaveFFTCepstrumHelper.h */ = {isa = PBXFileReference; fileEncoding = 4; lastKnownFileType = sourcecode.c.h; path = WaveFFTCepstrumHelper.h; sourceTree = "<group>"; };
		DF422C96198FA01B00B62997 /* CABitOperations.h */ = {isa = PBXFileReference; fileEncoding = 4; lastKnownFileType = sourcecode.c.h; path = CABitOperations.h; sourceTree = "<group>"; };
		DF422C97198FA01B00B62997 /* CADebugMacros.cpp */ = {isa = PBXFileReference; fileEncoding = 4; lastKnownFileType = sourcecode.cpp.cpp; path = CADebugMacros.cpp; sourceTree = "<group>"; };
		DF422C98198FA01B00B62997 /* CADebugMacros.h */ = {isa = PBXFileReference; fileEncoding = 4; lastKnownFileType = sourcecode.c.h; path = CADebugMacros.h; sourceTree = "<group>"; };
		DF422C99198FA01B00B62997 /* CADebugPrintf.h */ = {isa = PBXFileReference; fileEncoding = 4; lastKnownFileType = sourcecode.c.h; path = CADebugPrintf.h; sourceTree = "<group>"; };
		DF422C9A198FA01B00B62997 /* CAMath.h */ = {isa = PBXFileReference; fileEncoding = 4; lastKnownFileType = sourcecode.c.h; path = CAMath.h; sourceTree = "<group>"; };
		DF422C9B198FA01B00B62997 /* CAStreamBasicDescription.cpp */ = {isa = PBXFileReference; fileEncoding = 4; lastKnownFileType = sourcecode.cpp.cpp; path = CAStreamBasicDescription.cpp; sourceTree = "<group>"; };
		DF422C9C198FA01B00B62997 /* CAStreamBasicDescription.h */ = {isa = PBXFileReference; fileEncoding = 4; lastKnownFileType = sourcecode.c.h; path = CAStreamBasicDescription.h; sourceTree = "<group>"; };
		DF422C9D198FA01B00B62997 /* CAXException.cpp */ = {isa = PBXFileReference; fileEncoding = 4; lastKnownFileType = sourcecode.cpp.cpp; path = CAXException.cpp; sourceTree = "<group>"; };
		DF422C9E198FA01B00B62997 /* CAXException.h */ = {isa = PBXFileReference; fileEncoding = 4; lastKnownFileType = sourcecode.c.h; path = CAXException.h; sourceTree = "<group>"; };
		DF45BBE3198F8E4A00C2BFB3 /* SingingCoach.app */ = {isa = PBXFileReference; explicitFileType = wrapper.application; includeInIndex = 0; path = SingingCoach.app; sourceTree = BUILT_PRODUCTS_DIR; };
		DF45BBE6198F8E4A00C2BFB3 /* Foundation.framework */ = {isa = PBXFileReference; lastKnownFileType = wrapper.framework; name = Foundation.framework; path = System/Library/Frameworks/Foundation.framework; sourceTree = SDKROOT; };
		DF45BBE8198F8E4A00C2BFB3 /* CoreGraphics.framework */ = {isa = PBXFileReference; lastKnownFileType = wrapper.framework; name = CoreGraphics.framework; path = System/Library/Frameworks/CoreGraphics.framework; sourceTree = SDKROOT; };
		DF45BBEA198F8E4A00C2BFB3 /* UIKit.framework */ = {isa = PBXFileReference; lastKnownFileType = wrapper.framework; name = UIKit.framework; path = System/Library/Frameworks/UIKit.framework; sourceTree = SDKROOT; };
		DF45BBEC198F8E4A00C2BFB3 /* SpriteKit.framework */ = {isa = PBXFileReference; lastKnownFileType = wrapper.framework; name = SpriteKit.framework; path = System/Library/Frameworks/SpriteKit.framework; sourceTree = SDKROOT; };
		DF45BBF0198F8E4A00C2BFB3 /* SingingCoach-Info.plist */ = {isa = PBXFileReference; lastKnownFileType = text.plist.xml; path = "SingingCoach-Info.plist"; sourceTree = "<group>"; };
		DF45BBF2198F8E4A00C2BFB3 /* en */ = {isa = PBXFileReference; lastKnownFileType = text.plist.strings; name = en; path = en.lproj/InfoPlist.strings; sourceTree = "<group>"; };
		DF45BBF4198F8E4A00C2BFB3 /* main.m */ = {isa = PBXFileReference; lastKnownFileType = sourcecode.c.objc; path = main.m; sourceTree = "<group>"; };
		DF45BBF6198F8E4A00C2BFB3 /* SingingCoach-Prefix.pch */ = {isa = PBXFileReference; lastKnownFileType = sourcecode.c.h; path = "SingingCoach-Prefix.pch"; sourceTree = "<group>"; };
		DF45BBF7198F8E4A00C2BFB3 /* AppDelegate.h */ = {isa = PBXFileReference; lastKnownFileType = sourcecode.c.h; path = AppDelegate.h; sourceTree = "<group>"; };
		DF45BBF8198F8E4A00C2BFB3 /* AppDelegate.mm */ = {isa = PBXFileReference; lastKnownFileType = sourcecode.cpp.objcpp; path = AppDelegate.mm; sourceTree = "<group>"; };
		DF45BBFB198F8E4A00C2BFB3 /* Base */ = {isa = PBXFileReference; lastKnownFileType = file.storyboard; name = Base; path = Base.lproj/Main.storyboard; sourceTree = "<group>"; };
		DF45BBFD198F8E4A00C2BFB3 /* ViewController.h */ = {isa = PBXFileReference; lastKnownFileType = sourcecode.c.h; path = ViewController.h; sourceTree = "<group>"; };
		DF45BBFE198F8E4A00C2BFB3 /* ViewController.mm */ = {isa = PBXFileReference; lastKnownFileType = sourcecode.cpp.objcpp; path = ViewController.mm; sourceTree = "<group>"; };
		DF45BC05198F8E4A00C2BFB3 /* Images.xcassets */ = {isa = PBXFileReference; lastKnownFileType = folder.assetcatalog; path = Images.xcassets; sourceTree = "<group>"; };
		DF45BC0B198F8E4B00C2BFB3 /* SingingCoachTests.xctest */ = {isa = PBXFileReference; explicitFileType = wrapper.cfbundle; includeInIndex = 0; path = SingingCoachTests.xctest; sourceTree = BUILT_PRODUCTS_DIR; };
		DF45BC0C198F8E4B00C2BFB3 /* XCTest.framework */ = {isa = PBXFileReference; lastKnownFileType = wrapper.framework; name = XCTest.framework; path = Library/Frameworks/XCTest.framework; sourceTree = DEVELOPER_DIR; };
		DF45BC14198F8E4B00C2BFB3 /* SingingCoachTests-Info.plist */ = {isa = PBXFileReference; lastKnownFileType = text.plist.xml; path = "SingingCoachTests-Info.plist"; sourceTree = "<group>"; };
		DF45BC16198F8E4B00C2BFB3 /* en */ = {isa = PBXFileReference; lastKnownFileType = text.plist.strings; name = en; path = en.lproj/InfoPlist.strings; sourceTree = "<group>"; };
		DF45BC18198F8E4B00C2BFB3 /* The_Singing_CoachTests.m */ = {isa = PBXFileReference; lastKnownFileType = sourcecode.c.objc; path = The_Singing_CoachTests.m; sourceTree = "<group>"; };
		DF45BC24198F8E8600C2BFB3 /* arrow2.png */ = {isa = PBXFileReference; lastKnownFileType = image.png; path = arrow2.png; sourceTree = "<group>"; };
		DF45BC26198F8E8600C2BFB3 /* beneathyourbeautiful.mp3 */ = {isa = PBXFileReference; lastKnownFileType = audio.mp3; path = beneathyourbeautiful.mp3; sourceTree = "<group>"; };
		DF45BC28198F8E8600C2BFB3 /* birdy.txt */ = {isa = PBXFileReference; fileEncoding = 4; lastKnownFileType = text; path = birdy.txt; sourceTree = "<group>"; };
		DF45BC29198F8E8600C2BFB3 /* button.mp3 */ = {isa = PBXFileReference; lastKnownFileType = audio.mp3; path = button.mp3; sourceTree = "<group>"; };
		DF45BC2A198F8E8600C2BFB3 /* chandelier.mp3 */ = {isa = PBXFileReference; lastKnownFileType = audio.mp3; path = chandelier.mp3; sourceTree = "<group>"; };
		DF45BC2C198F8E8600C2BFB3 /* ChandelierLyrics.txt */ = {isa = PBXFileReference; fileEncoding = 4; lastKnownFileType = text; path = ChandelierLyrics.txt; sourceTree = "<group>"; };
		DF45BC2D198F8E8600C2BFB3 /* chandelierSia.txt */ = {isa = PBXFileReference; fileEncoding = 4; lastKnownFileType = text; path = chandelierSia.txt; sourceTree = "<group>"; };
		DF45BC31198F8E8700C2BFB3 /* demons.mp3 */ = {isa = PBXFileReference; lastKnownFileType = audio.mp3; path = demons.mp3; sourceTree = "<group>"; };
		DF45BC33198F8E8700C2BFB3 /* demonslyrics.txt */ = {isa = PBXFileReference; fileEncoding = 4; lastKnownFileType = text; path = demonslyrics.txt; sourceTree = "<group>"; };
		DF45BC36198F8E8700C2BFB3 /* explode.sks */ = {isa = PBXFileReference; lastKnownFileType = file.sks; path = explode.sks; sourceTree = "<group>"; };
		DF45BC3A198F8E8700C2BFB3 /* imagineDragons.txt */ = {isa = PBXFileReference; fileEncoding = 4; lastKnownFileType = text; path = imagineDragons.txt; sourceTree = "<group>"; };
		DF45BC44198F8E8700C2BFB3 /* pauseWord.png */ = {isa = PBXFileReference; lastKnownFileType = image.png; path = pauseWord.png; sourceTree = "<group>"; };
		DF45BC4A198F8E8700C2BFB3 /* labrinth.txt */ = {isa = PBXFileReference; fileEncoding = 4; lastKnownFileType = text; path = labrinth.txt; sourceTree = "<group>"; };
		DF45BC4B198F8E8700C2BFB3 /* sandeLyrics.txt */ = {isa = PBXFileReference; fileEncoding = 4; lastKnownFileType = text; path = sandeLyrics.txt; sourceTree = "<group>"; };
		DF45BC4D198F8E8700C2BFB3 /* saysomething.mp3 */ = {isa = PBXFileReference; lastKnownFileType = audio.mp3; path = saysomething.mp3; sourceTree = "<group>"; };
		DF45BC4F198F8E8700C2BFB3 /* saysomething.txt */ = {isa = PBXFileReference; fileEncoding = 4; lastKnownFileType = text; path = saysomething.txt; sourceTree = "<group>"; };
		DF45BC50198F8E8700C2BFB3 /* saySomethingLyrics.txt */ = {isa = PBXFileReference; fileEncoding = 4; lastKnownFileType = text; path = saySomethingLyrics.txt; sourceTree = "<group>"; };
		DF45BC53198F8E8700C2BFB3 /* sixdegrees.mp3 */ = {isa = PBXFileReference; lastKnownFileType = audio.mp3; path = sixdegrees.mp3; sourceTree = "<group>"; };
		DF45BC54198F8E8700C2BFB3 /* sixdegrees.txt */ = {isa = PBXFileReference; fileEncoding = 4; lastKnownFileType = text; path = sixdegrees.txt; sourceTree = "<group>"; };
		DF45BC55198F8E8700C2BFB3 /* sixdgLyrics.txt */ = {isa = PBXFileReference; fileEncoding = 4; lastKnownFileType = text; path = sixdgLyrics.txt; sourceTree = "<group>"; };
		DF45BC56198F8E8700C2BFB3 /* spark.png */ = {isa = PBXFileReference; lastKnownFileType = image.png; path = spark.png; sourceTree = "<group>"; };
		DF45BC57198F8E8700C2BFB3 /* strike.png */ = {isa = PBXFileReference; lastKnownFileType = image.png; path = strike.png; sourceTree = "<group>"; };
		DF45BC58198F8E8700C2BFB3 /* wings.mp3 */ = {isa = PBXFileReference; lastKnownFileType = audio.mp3; path = wings.mp3; sourceTree = "<group>"; };
		DF45BC5A198F8E8700C2BFB3 /* wingslyrics.txt */ = {isa = PBXFileReference; fileEncoding = 4; lastKnownFileType = text; path = wingslyrics.txt; sourceTree = "<group>"; };
		DF8E096D1991694100E72FF1 /* EnterPlayerName.png */ = {isa = PBXFileReference; lastKnownFileType = image.png; path = EnterPlayerName.png; sourceTree = "<group>"; };
		DF8E096E1991694100E72FF1 /* exitSure.png */ = {isa = PBXFileReference; lastKnownFileType = image.png; path = exitSure.png; sourceTree = "<group>"; };
		DF8E096F1991694100E72FF1 /* MainMenuPic.png */ = {isa = PBXFileReference; lastKnownFileType = image.png; path = MainMenuPic.png; sourceTree = "<group>"; };
		DF8E097319916C5700E72FF1 /* BeginOverlay.png */ = {isa = PBXFileReference; lastKnownFileType = image.png; path = BeginOverlay.png; sourceTree = "<group>"; };
		DF8E097419916C5700E72FF1 /* PauseOverlayHeadphone.png */ = {isa = PBXFileReference; lastKnownFileType = image.png; path = PauseOverlayHeadphone.png; sourceTree = "<group>"; };
		DF8E097B1991703600E72FF1 /* Chandelier.png */ = {isa = PBXFileReference; lastKnownFileType = image.png; path = Chandelier.png; sourceTree = "<group>"; };
		DF8E097D1991703C00E72FF1 /* cusSong.png */ = {isa = PBXFileReference; lastKnownFileType = image.png; path = cusSong.png; sourceTree = "<group>"; };
		DF8E097F1991704100E72FF1 /* CustomSong.png */ = {isa = PBXFileReference; lastKnownFileType = image.png; path = CustomSong.png; sourceTree = "<group>"; };
		DF8E09811991706E00E72FF1 /* customSongOverlay.png */ = {isa = PBXFileReference; lastKnownFileType = image.png; path = customSongOverlay.png; sourceTree = "<group>"; };
		DF8E09831991708400E72FF1 /* Demons.png */ = {isa = PBXFileReference; lastKnownFileType = image.png; path = Demons.png; sourceTree = "<group>"; };
		DF8E09851991708D00E72FF1 /* filenotfound.png */ = {isa = PBXFileReference; lastKnownFileType = image.png; path = filenotfound.png; sourceTree = "<group>"; };
		DF8E09871991709400E72FF1 /* Listen.png */ = {isa = PBXFileReference; lastKnownFileType = image.png; path = Listen.png; sourceTree = "<group>"; };
		DF8E09881991709400E72FF1 /* ListenOff.png */ = {isa = PBXFileReference; lastKnownFileType = image.png; path = ListenOff.png; sourceTree = "<group>"; };
		DF8E098B1991709B00E72FF1 /* SaySomething.png */ = {isa = PBXFileReference; lastKnownFileType = image.png; path = SaySomething.png; sourceTree = "<group>"; };
		DF8E098C1991709B00E72FF1 /* SelectSong.png */ = {isa = PBXFileReference; lastKnownFileType = image.png; path = SelectSong.png; sourceTree = "<group>"; };
		DF8E098D1991709B00E72FF1 /* wings.png */ = {isa = PBXFileReference; lastKnownFileType = image.png; path = wings.png; sourceTree = "<group>"; };
		DF8E09911991745D00E72FF1 /* 1beat.png */ = {isa = PBXFileReference; lastKnownFileType = image.png; path = 1beat.png; sourceTree = "<group>"; };
		DF8E09921991745D00E72FF1 /* bg.png */ = {isa = PBXFileReference; lastKnownFileType = image.png; path = bg.png; sourceTree = "<group>"; };
		DF8E09931991745D00E72FF1 /* gameover.png */ = {isa = PBXFileReference; lastKnownFileType = image.png; path = gameover.png; sourceTree = "<group>"; };
		DF8E09941991745D00E72FF1 /* Pause.png */ = {isa = PBXFileReference; lastKnownFileType = image.png; path = Pause.png; sourceTree = "<group>"; };
		DF8E09991991772F00E72FF1 /* PauseOverlay.png */ = {isa = PBXFileReference; lastKnownFileType = image.png; path = PauseOverlay.png; sourceTree = "<group>"; };
		DF8E099D1991797800E72FF1 /* pianoA2A4.png */ = {isa = PBXFileReference; lastKnownFileType = image.png; path = pianoA2A4.png; sourceTree = "<group>"; };
		DF8E099E1991797800E72FF1 /* pianoB2B4.png */ = {isa = PBXFileReference; lastKnownFileType = image.png; path = pianoB2B4.png; sourceTree = "<group>"; };
		DF8E099F1991797800E72FF1 /* pianoD3D5.png */ = {isa = PBXFileReference; lastKnownFileType = image.png; path = pianoD3D5.png; sourceTree = "<group>"; };
		DF8E09A01991797800E72FF1 /* pianoG2G4.png */ = {isa = PBXFileReference; lastKnownFileType = image.png; path = pianoG2G4.png; sourceTree = "<group>"; };
		DF8E09A719917A6B00E72FF1 /* ScoreLine.png */ = {isa = PBXFileReference; lastKnownFileType = image.png; path = ScoreLine.png; sourceTree = "<group>"; };
		DF8E09AB1991816700E72FF1 /* pianoG3G5.png */ = {isa = PBXFileReference; lastKnownFileType = image.png; path = pianoG3G5.png; sourceTree = "<group>"; };
		DF8E09AD1991816E00E72FF1 /* lyricsOverlay.png */ = {isa = PBXFileReference; lastKnownFileType = image.png; path = lyricsOverlay.png; sourceTree = "<group>"; };
		DF8E09AF1991895200E72FF1 /* saveRecording.png */ = {isa = PBXFileReference; lastKnownFileType = image.png; path = saveRecording.png; sourceTree = "<group>"; };
		DFEB75C4198F926F00DD9A09 /* Accelerate.framework */ = {isa = PBXFileReference; lastKnownFileType = wrapper.framework; name = Accelerate.framework; path = System/Library/Frameworks/Accelerate.framework; sourceTree = SDKROOT; };
		DFEB75C5198F926F00DD9A09 /* AudioToolbox.framework */ = {isa = PBXFileReference; lastKnownFileType = wrapper.framework; name = AudioToolbox.framework; path = System/Library/Frameworks/AudioToolbox.framework; sourceTree = SDKROOT; };
		DFEB75C6198F926F00DD9A09 /* AVFoundation.framework */ = {isa = PBXFileReference; lastKnownFileType = wrapper.framework; name = AVFoundation.framework; path = System/Library/Frameworks/AVFoundation.framework; sourceTree = SDKROOT; };
		DFEB75C7198F926F00DD9A09 /* CoreAudio.framework */ = {isa = PBXFileReference; lastKnownFileType = wrapper.framework; name = CoreAudio.framework; path = System/Library/Frameworks/CoreAudio.framework; sourceTree = SDKROOT; };
		DFEB75D9198F931500DD9A09 /* SongScene.h */ = {isa = PBXFileReference; fileEncoding = 4; lastKnownFileType = sourcecode.c.h; path = SongScene.h; sourceTree = "<group>"; };
		DFEB75DA198F931500DD9A09 /* SongScene.mm */ = {isa = PBXFileReference; fileEncoding = 4; lastKnownFileType = sourcecode.cpp.objcpp; path = SongScene.mm; sourceTree = "<group>"; };
		DFEB75DC198F936800DD9A09 /* SongChooseMenu.h */ = {isa = PBXFileReference; fileEncoding = 4; lastKnownFileType = sourcecode.c.h; path = SongChooseMenu.h; sourceTree = "<group>"; };
		DFEB75DD198F936800DD9A09 /* SongChooseMenu.mm */ = {isa = PBXFileReference; fileEncoding = 4; lastKnownFileType = sourcecode.cpp.objcpp; path = SongChooseMenu.mm; sourceTree = "<group>"; };
		DFEB75DF198F939200DD9A09 /* ExitSure.h */ = {isa = PBXFileReference; fileEncoding = 4; lastKnownFileType = sourcecode.c.h; path = ExitSure.h; sourceTree = "<group>"; };
		DFEB75E0198F939200DD9A09 /* ExitSure.mm */ = {isa = PBXFileReference; fileEncoding = 4; lastKnownFileType = sourcecode.cpp.objcpp; path = ExitSure.mm; sourceTree = "<group>"; };
		DFEB75E2198F93B300DD9A09 /* MainMenu.h */ = {isa = PBXFileReference; fileEncoding = 4; lastKnownFileType = sourcecode.c.h; path = MainMenu.h; sourceTree = "<group>"; };
		DFEB75E3198F93B300DD9A09 /* MainMenu.mm */ = {isa = PBXFileReference; fileEncoding = 4; lastKnownFileType = sourcecode.cpp.objcpp; path = MainMenu.mm; sourceTree = "<group>"; };
		DFEB75E5198F93D100DD9A09 /* HighScorePage.h */ = {isa = PBXFileReference; fileEncoding = 4; lastKnownFileType = sourcecode.c.h; path = HighScorePage.h; sourceTree = "<group>"; };
		DFEB75E6198F93D100DD9A09 /* HighScorePage.mm */ = {isa = PBXFileReference; fileEncoding = 4; lastKnownFileType = sourcecode.cpp.objcpp; path = HighScorePage.mm; sourceTree = "<group>"; };
		DFEB75E8198F93F200DD9A09 /* HeadPhones.h */ = {isa = PBXFileReference; fileEncoding = 4; lastKnownFileType = sourcecode.c.h; path = HeadPhones.h; sourceTree = "<group>"; };
		DFEB75E9198F93F200DD9A09 /* HeadPhones.mm */ = {isa = PBXFileReference; fileEncoding = 4; lastKnownFileType = sourcecode.cpp.objcpp; path = HeadPhones.mm; sourceTree = "<group>"; };
		DFEB75EB198F948500DD9A09 /* NoteClass.h */ = {isa = PBXFileReference; fileEncoding = 4; lastKnownFileType = sourcecode.c.h; path = NoteClass.h; sourceTree = "<group>"; };
		DFEB75EC198F948500DD9A09 /* NoteClass.m */ = {isa = PBXFileReference; fileEncoding = 4; lastKnownFileType = sourcecode.c.objc; path = NoteClass.m; sourceTree = "<group>"; };
/* End PBXFileReference section */

/* Begin PBXFrameworksBuildPhase section */
		DF45BBE0198F8E4A00C2BFB3 /* Frameworks */ = {
			isa = PBXFrameworksBuildPhase;
			buildActionMask = 2147483647;
			files = (
				DFEB75C8198F926F00DD9A09 /* Accelerate.framework in Frameworks */,
				DFEB75C9198F926F00DD9A09 /* AudioToolbox.framework in Frameworks */,
				DFEB75CA198F926F00DD9A09 /* AVFoundation.framework in Frameworks */,
				DFEB75CB198F926F00DD9A09 /* CoreAudio.framework in Frameworks */,
				DF45BBE9198F8E4A00C2BFB3 /* CoreGraphics.framework in Frameworks */,
				DF45BBEB198F8E4A00C2BFB3 /* UIKit.framework in Frameworks */,
				DF45BBED198F8E4A00C2BFB3 /* SpriteKit.framework in Frameworks */,
				DF45BBE7198F8E4A00C2BFB3 /* Foundation.framework in Frameworks */,
			);
			runOnlyForDeploymentPostprocessing = 0;
		};
		DF45BC08198F8E4B00C2BFB3 /* Frameworks */ = {
			isa = PBXFrameworksBuildPhase;
			buildActionMask = 2147483647;
			files = (
				DF45BC0D198F8E4B00C2BFB3 /* XCTest.framework in Frameworks */,
				DF45BC0F198F8E4B00C2BFB3 /* UIKit.framework in Frameworks */,
				DF45BC0E198F8E4B00C2BFB3 /* Foundation.framework in Frameworks */,
			);
			runOnlyForDeploymentPostprocessing = 0;
		};
/* End PBXFrameworksBuildPhase section */

/* Begin PBXGroup section */
		DF18A515198FE17E00829DDC /* icons */ = {
			isa = PBXGroup;
			children = (
				DF18A516198FE17E00829DDC /* icon.png */,
				DF18A517198FE17E00829DDC /* iconipad.png */,
				DF18A518198FE17E00829DDC /* iconipadNormal.png */,
				DF18A519198FE17E00829DDC /* ipad.png */,
				DF18A51A198FE17E00829DDC /* ipadHR.png */,
				DF18A51B198FE17E00829DDC /* ipadHRLS.png */,
				DF18A528198FE3BC00829DDC /* iconiphoneNormal.png */,
				DF18A529198FE3BC00829DDC /* iphoneNormal.png */,
				DF18A51C198FE17E00829DDC /* ipadLS.png */,
				DF18A51D198FE17E00829DDC /* launchimg.png */,
				DF18A51E198FE17E00829DDC /* launchimg2.png */,
			);
			path = icons;
			sourceTree = "<group>";
		};
		DF18A52C1990C4F300829DDC /* iPad */ = {
			isa = PBXGroup;
			children = (
			);
			name = iPad;
			sourceTree = "<group>";
		};
		DF422C95198FA01B00B62997 /* PublicUtility */ = {
			isa = PBXGroup;
			children = (
				DF422C96198FA01B00B62997 /* CABitOperations.h */,
				DF422C97198FA01B00B62997 /* CADebugMacros.cpp */,
				DF422C98198FA01B00B62997 /* CADebugMacros.h */,
				DF422C99198FA01B00B62997 /* CADebugPrintf.h */,
				DF422C9A198FA01B00B62997 /* CAMath.h */,
				DF422C9B198FA01B00B62997 /* CAStreamBasicDescription.cpp */,
				DF422C9C198FA01B00B62997 /* CAStreamBasicDescription.h */,
				DF422C9D198FA01B00B62997 /* CAXException.cpp */,
				DF422C9E198FA01B00B62997 /* CAXException.h */,
			);
			path = PublicUtility;
			sourceTree = "<group>";
		};
		DF45BBDA198F8E4A00C2BFB3 = {
			isa = PBXGroup;
			children = (
				DF18A52C1990C4F300829DDC /* iPad */,
				DF422C95198FA01B00B62997 /* PublicUtility */,
				DFEB75C2198F922D00DD9A09 /* AudioUnits */,
				DF45BBEE198F8E4A00C2BFB3 /* The Singing Coach */,
				DF45BC12198F8E4B00C2BFB3 /* The Singing CoachTests */,
				DF45BBE5198F8E4A00C2BFB3 /* Frameworks */,
				DF45BBE4198F8E4A00C2BFB3 /* Products */,
			);
			sourceTree = "<group>";
		};
		DF45BBE4198F8E4A00C2BFB3 /* Products */ = {
			isa = PBXGroup;
			children = (
				DF45BBE3198F8E4A00C2BFB3 /* SingingCoach.app */,
				DF45BC0B198F8E4B00C2BFB3 /* SingingCoachTests.xctest */,
			);
			name = Products;
			sourceTree = "<group>";
		};
		DF45BBE5198F8E4A00C2BFB3 /* Frameworks */ = {
			isa = PBXGroup;
			children = (
				DFEB75C4198F926F00DD9A09 /* Accelerate.framework */,
				DFEB75C5198F926F00DD9A09 /* AudioToolbox.framework */,
				DFEB75C6198F926F00DD9A09 /* AVFoundation.framework */,
				DFEB75C7198F926F00DD9A09 /* CoreAudio.framework */,
				DF45BBE6198F8E4A00C2BFB3 /* Foundation.framework */,
				DF45BBE8198F8E4A00C2BFB3 /* CoreGraphics.framework */,
				DF45BBEA198F8E4A00C2BFB3 /* UIKit.framework */,
				DF45BBEC198F8E4A00C2BFB3 /* SpriteKit.framework */,
				DF45BC0C198F8E4B00C2BFB3 /* XCTest.framework */,
			);
			name = Frameworks;
			sourceTree = "<group>";
		};
		DF45BBEE198F8E4A00C2BFB3 /* The Singing Coach */ = {
			isa = PBXGroup;
			children = (
				DF18A515198FE17E00829DDC /* icons */,
				DFEB75D8198F92F800DD9A09 /* Scenes */,
				DF45BC22198F8E8600C2BFB3 /* SingingApp */,
				DF45BBF7198F8E4A00C2BFB3 /* AppDelegate.h */,
				DF45BBF8198F8E4A00C2BFB3 /* AppDelegate.mm */,
				DF45BBFA198F8E4A00C2BFB3 /* Main.storyboard */,
				DF45BBFD198F8E4A00C2BFB3 /* ViewController.h */,
				DF45BBFE198F8E4A00C2BFB3 /* ViewController.mm */,
				DF45BC05198F8E4A00C2BFB3 /* Images.xcassets */,
				DF45BBEF198F8E4A00C2BFB3 /* Supporting Files */,
				DFEB75EB198F948500DD9A09 /* NoteClass.h */,
				DFEB75EC198F948500DD9A09 /* NoteClass.m */,
			);
			path = "The Singing Coach";
			sourceTree = "<group>";
		};
		DF45BBEF198F8E4A00C2BFB3 /* Supporting Files */ = {
			isa = PBXGroup;
			children = (
				DF45BBF0198F8E4A00C2BFB3 /* SingingCoach-Info.plist */,
				DF45BBF1198F8E4A00C2BFB3 /* InfoPlist.strings */,
				DF45BBF4198F8E4A00C2BFB3 /* main.m */,
				DF45BBF6198F8E4A00C2BFB3 /* SingingCoach-Prefix.pch */,
			);
			name = "Supporting Files";
			sourceTree = "<group>";
		};
		DF45BC12198F8E4B00C2BFB3 /* The Singing CoachTests */ = {
			isa = PBXGroup;
			children = (
				DF45BC18198F8E4B00C2BFB3 /* The_Singing_CoachTests.m */,
				DF45BC13198F8E4B00C2BFB3 /* Supporting Files */,
			);
			path = "The Singing CoachTests";
			sourceTree = "<group>";
		};
		DF45BC13198F8E4B00C2BFB3 /* Supporting Files */ = {
			isa = PBXGroup;
			children = (
				DF45BC14198F8E4B00C2BFB3 /* SingingCoachTests-Info.plist */,
				DF45BC15198F8E4B00C2BFB3 /* InfoPlist.strings */,
			);
			name = "Supporting Files";
			sourceTree = "<group>";
		};
		DF45BC22198F8E8600C2BFB3 /* SingingApp */ = {
			isa = PBXGroup;
			children = (
				DF8E09911991745D00E72FF1 /* 1beat.png */,
				DF45BC24198F8E8600C2BFB3 /* arrow2.png */,
				DF8E097319916C5700E72FF1 /* BeginOverlay.png */,
				DF45BC26198F8E8600C2BFB3 /* beneathyourbeautiful.mp3 */,
				DF8E09921991745D00E72FF1 /* bg.png */,
				DF45BC28198F8E8600C2BFB3 /* birdy.txt */,
				DF45BC29198F8E8600C2BFB3 /* button.mp3 */,
				DF45BC2A198F8E8600C2BFB3 /* chandelier.mp3 */,
				DF8E097B1991703600E72FF1 /* Chandelier.png */,
				DF45BC2C198F8E8600C2BFB3 /* ChandelierLyrics.txt */,
				DF45BC2D198F8E8600C2BFB3 /* chandelierSia.txt */,
				DF8E097D1991703C00E72FF1 /* cusSong.png */,
				DF8E097F1991704100E72FF1 /* CustomSong.png */,
				DF8E09811991706E00E72FF1 /* customSongOverlay.png */,
				DF45BC31198F8E8700C2BFB3 /* demons.mp3 */,
				DF8E09831991708400E72FF1 /* Demons.png */,
				DF45BC33198F8E8700C2BFB3 /* demonslyrics.txt */,
				DF8E096D1991694100E72FF1 /* EnterPlayerName.png */,
				DF8E096E1991694100E72FF1 /* exitSure.png */,
				DF45BC36198F8E8700C2BFB3 /* explode.sks */,
				DF8E09851991708D00E72FF1 /* filenotfound.png */,
				DF8E09931991745D00E72FF1 /* gameover.png */,
				DF45BC3A198F8E8700C2BFB3 /* imagineDragons.txt */,
				DF45BC4A198F8E8700C2BFB3 /* labrinth.txt */,
				DF8E09871991709400E72FF1 /* Listen.png */,
				DF8E09881991709400E72FF1 /* ListenOff.png */,
				DF8E09AD1991816E00E72FF1 /* lyricsOverlay.png */,
				DF8E096F1991694100E72FF1 /* MainMenuPic.png */,
				DF8E09941991745D00E72FF1 /* Pause.png */,
				DF8E09991991772F00E72FF1 /* PauseOverlay.png */,
				DF8E097419916C5700E72FF1 /* PauseOverlayHeadphone.png */,
				DF45BC44198F8E8700C2BFB3 /* pauseWord.png */,
				DF8E099D1991797800E72FF1 /* pianoA2A4.png */,
				DF8E099E1991797800E72FF1 /* pianoB2B4.png */,
				DF8E099F1991797800E72FF1 /* pianoD3D5.png */,
				DF8E09A01991797800E72FF1 /* pianoG2G4.png */,
				DF8E09AB1991816700E72FF1 /* pianoG3G5.png */,
				DF45BC4B198F8E8700C2BFB3 /* sandeLyrics.txt */,
				DF45BC4D198F8E8700C2BFB3 /* saysomething.mp3 */,
				DF8E098B1991709B00E72FF1 /* SaySomething.png */,
				DF45BC4F198F8E8700C2BFB3 /* saysomething.txt */,
				DF45BC50198F8E8700C2BFB3 /* saySomethingLyrics.txt */,
				DF8E09A719917A6B00E72FF1 /* ScoreLine.png */,
				DF8E098C1991709B00E72FF1 /* SelectSong.png */,
				DF45BC53198F8E8700C2BFB3 /* sixdegrees.mp3 */,
				DF45BC54198F8E8700C2BFB3 /* sixdegrees.txt */,
				DF8E09AF1991895200E72FF1 /* saveRecording.png */,
				DF45BC55198F8E8700C2BFB3 /* sixdgLyrics.txt */,
				DF45BC56198F8E8700C2BFB3 /* spark.png */,
				DF45BC57198F8E8700C2BFB3 /* strike.png */,
				DF45BC58198F8E8700C2BFB3 /* wings.mp3 */,
				DF8E098D1991709B00E72FF1 /* wings.png */,
				DF45BC5A198F8E8700C2BFB3 /* wingslyrics.txt */,
			);
			path = SingingApp;
			sourceTree = "<group>";
		};
		DFEB75C2198F922D00DD9A09 /* AudioUnits */ = {
			isa = PBXGroup;
			children = (
				DF422C89198F9FED00B62997 /* AudioController.h */,
				DF422C8A198F9FED00B62997 /* AudioController.mm */,
				DF422C8B198F9FED00B62997 /* BufferManager.cpp */,
				DF422C8C198F9FED00B62997 /* BufferManager.h */,
				DF422C8D198F9FED00B62997 /* DCRejectionFilter.cpp */,
				DF422C8E198F9FED00B62997 /* DCRejectionFilter.h */,
				DF422C8F198F9FED00B62997 /* WaveFFTCepstrumHelper.cpp */,
				DF422C90198F9FED00B62997 /* WaveFFTCepstrumHelper.h */,
			);
			name = AudioUnits;
			sourceTree = "<group>";
		};
		DFEB75D8198F92F800DD9A09 /* Scenes */ = {
			isa = PBXGroup;
			children = (
				DFEB75D9198F931500DD9A09 /* SongScene.h */,
				DFEB75DA198F931500DD9A09 /* SongScene.mm */,
				DFEB75DC198F936800DD9A09 /* SongChooseMenu.h */,
				DFEB75DD198F936800DD9A09 /* SongChooseMenu.mm */,
				DFEB75DF198F939200DD9A09 /* ExitSure.h */,
				DFEB75E0198F939200DD9A09 /* ExitSure.mm */,
				DFEB75E2198F93B300DD9A09 /* MainMenu.h */,
				DFEB75E3198F93B300DD9A09 /* MainMenu.mm */,
				DFEB75E5198F93D100DD9A09 /* HighScorePage.h */,
				DFEB75E6198F93D100DD9A09 /* HighScorePage.mm */,
				DFEB75E8198F93F200DD9A09 /* HeadPhones.h */,
				DFEB75E9198F93F200DD9A09 /* HeadPhones.mm */,
			);
			path = Scenes;
			sourceTree = "<group>";
		};
/* End PBXGroup section */

/* Begin PBXNativeTarget section */
		DF45BBE2198F8E4A00C2BFB3 /* SingingCoach */ = {
			isa = PBXNativeTarget;
			buildConfigurationList = DF45BC1C198F8E4B00C2BFB3 /* Build configuration list for PBXNativeTarget "SingingCoach" */;
			buildPhases = (
				DF45BBDF198F8E4A00C2BFB3 /* Sources */,
				DF45BBE0198F8E4A00C2BFB3 /* Frameworks */,
				DF45BBE1198F8E4A00C2BFB3 /* Resources */,
			);
			buildRules = (
			);
			dependencies = (
			);
			name = SingingCoach;
			productName = "The Singing Coach";
			productReference = DF45BBE3198F8E4A00C2BFB3 /* SingingCoach.app */;
			productType = "com.apple.product-type.application";
		};
		DF45BC0A198F8E4B00C2BFB3 /* SingingCoachTests */ = {
			isa = PBXNativeTarget;
			buildConfigurationList = DF45BC1F198F8E4B00C2BFB3 /* Build configuration list for PBXNativeTarget "SingingCoachTests" */;
			buildPhases = (
				DF45BC07198F8E4B00C2BFB3 /* Sources */,
				DF45BC08198F8E4B00C2BFB3 /* Frameworks */,
				DF45BC09198F8E4B00C2BFB3 /* Resources */,
			);
			buildRules = (
			);
			dependencies = (
				DF45BC11198F8E4B00C2BFB3 /* PBXTargetDependency */,
			);
			name = SingingCoachTests;
			productName = "The Singing CoachTests";
			productReference = DF45BC0B198F8E4B00C2BFB3 /* SingingCoachTests.xctest */;
			productType = "com.apple.product-type.bundle.unit-test";
		};
/* End PBXNativeTarget section */

/* Begin PBXProject section */
		DF45BBDB198F8E4A00C2BFB3 /* Project object */ = {
			isa = PBXProject;
			attributes = {
				LastUpgradeCheck = 0510;
				ORGANIZATIONNAME = "___FULLUSERNAME___";
				TargetAttributes = {
					DF45BBE2198F8E4A00C2BFB3 = {
						DevelopmentTeam = 86QMJDL86F;
					};
					DF45BC0A198F8E4B00C2BFB3 = {
						TestTargetID = DF45BBE2198F8E4A00C2BFB3;
					};
				};
			};
			buildConfigurationList = DF45BBDE198F8E4A00C2BFB3 /* Build configuration list for PBXProject "SingingCoach" */;
			compatibilityVersion = "Xcode 3.2";
			developmentRegion = English;
			hasScannedForEncodings = 0;
			knownRegions = (
				en,
				Base,
			);
			mainGroup = DF45BBDA198F8E4A00C2BFB3;
			productRefGroup = DF45BBE4198F8E4A00C2BFB3 /* Products */;
			projectDirPath = "";
			projectRoot = "";
			targets = (
				DF45BBE2198F8E4A00C2BFB3 /* SingingCoach */,
				DF45BC0A198F8E4B00C2BFB3 /* SingingCoachTests */,
			);
		};
/* End PBXProject section */

/* Begin PBXResourcesBuildPhase section */
		DF45BBE1198F8E4A00C2BFB3 /* Resources */ = {
			isa = PBXResourcesBuildPhase;
			buildActionMask = 2147483647;
			files = (
				DF45BC85198F8E8700C2BFB3 /* saysomething.mp3 in Resources */,
				DF45BBF3198F8E4A00C2BFB3 /* InfoPlist.strings in Resources */,
				DF45BC8D198F8E8700C2BFB3 /* sixdgLyrics.txt in Resources */,
				DF45BC8C198F8E8700C2BFB3 /* sixdegrees.txt in Resources */,
				DF8E09711991694100E72FF1 /* exitSure.png in Resources */,
				DF45BC87198F8E8700C2BFB3 /* saysomething.txt in Resources */,
				DF45BC06198F8E4A00C2BFB3 /* Images.xcassets in Resources */,
				DF8E09A41991797800E72FF1 /* pianoD3D5.png in Resources */,
				DF8E09861991708D00E72FF1 /* filenotfound.png in Resources */,
				DF45BC7C198F8E8700C2BFB3 /* pauseWord.png in Resources */,
				DF8E098A1991709400E72FF1 /* ListenOff.png in Resources */,
				DF8E09721991694100E72FF1 /* MainMenuPic.png in Resources */,
				DF45BC64198F8E8700C2BFB3 /* ChandelierLyrics.txt in Resources */,
				DF8E09821991706E00E72FF1 /* customSongOverlay.png in Resources */,
				DF45BC83198F8E8700C2BFB3 /* sandeLyrics.txt in Resources */,
				DF18A525198FE17E00829DDC /* ipadLS.png in Resources */,
				DF45BC72198F8E8700C2BFB3 /* imagineDragons.txt in Resources */,
				DF45BC8F198F8E8700C2BFB3 /* strike.png in Resources */,
				DF8E09B01991895200E72FF1 /* saveRecording.png in Resources */,
				DF45BC61198F8E8700C2BFB3 /* button.mp3 in Resources */,
				DF45BC6B198F8E8700C2BFB3 /* demonslyrics.txt in Resources */,
				DF45BC82198F8E8700C2BFB3 /* labrinth.txt in Resources */,
				DF45BC90198F8E8700C2BFB3 /* wings.mp3 in Resources */,
				DF8E09841991708400E72FF1 /* Demons.png in Resources */,
				DF8E09961991745D00E72FF1 /* bg.png in Resources */,
				DF18A521198FE17E00829DDC /* iconipadNormal.png in Resources */,
				DF8E09971991745D00E72FF1 /* gameover.png in Resources */,
				DF45BC60198F8E8700C2BFB3 /* birdy.txt in Resources */,
				DF8E09A21991797800E72FF1 /* pianoA2A4.png in Resources */,
				DF8E09951991745D00E72FF1 /* 1beat.png in Resources */,
				DF45BC8B198F8E8700C2BFB3 /* sixdegrees.mp3 in Resources */,
				DF45BC6E198F8E8700C2BFB3 /* explode.sks in Resources */,
				DF45BC65198F8E8700C2BFB3 /* chandelierSia.txt in Resources */,
				DF18A520198FE17E00829DDC /* iconipad.png in Resources */,
				DF8E097719916C5700E72FF1 /* PauseOverlayHeadphone.png in Resources */,
				DF18A524198FE17E00829DDC /* ipadHRLS.png in Resources */,
				DF8E098F1991709B00E72FF1 /* SelectSong.png in Resources */,
				DF8E09701991694100E72FF1 /* EnterPlayerName.png in Resources */,
				DF18A52A198FE3BC00829DDC /* iconiphoneNormal.png in Resources */,
				DF8E09891991709400E72FF1 /* Listen.png in Resources */,
				DF18A522198FE17E00829DDC /* ipad.png in Resources */,
				DF8E09A31991797800E72FF1 /* pianoB2B4.png in Resources */,
				DF45BC88198F8E8700C2BFB3 /* saySomethingLyrics.txt in Resources */,
				DF45BC62198F8E8700C2BFB3 /* chandelier.mp3 in Resources */,
				DF18A523198FE17E00829DDC /* ipadHR.png in Resources */,
				DF8E09801991704100E72FF1 /* CustomSong.png in Resources */,
				DF45BC8E198F8E8700C2BFB3 /* spark.png in Resources */,
				DF8E09AC1991816700E72FF1 /* pianoG3G5.png in Resources */,
				DF45BC5C198F8E8700C2BFB3 /* arrow2.png in Resources */,
				DF8E09901991709B00E72FF1 /* wings.png in Resources */,
				DF8E09A51991797800E72FF1 /* pianoG2G4.png in Resources */,
				DF8E099A1991772F00E72FF1 /* PauseOverlay.png in Resources */,
				DF8E098E1991709B00E72FF1 /* SaySomething.png in Resources */,
				DF8E097C1991703600E72FF1 /* Chandelier.png in Resources */,
				DF8E097E1991703C00E72FF1 /* cusSong.png in Resources */,
				DF45BC92198F8E8700C2BFB3 /* wingslyrics.txt in Resources */,
				DF45BC5E198F8E8700C2BFB3 /* beneathyourbeautiful.mp3 in Resources */,
				DF18A526198FE17E00829DDC /* launchimg.png in Resources */,
				DF8E097619916C5700E72FF1 /* BeginOverlay.png in Resources */,
				DF8E09981991745D00E72FF1 /* Pause.png in Resources */,
				DF8E09AE1991816E00E72FF1 /* lyricsOverlay.png in Resources */,
				DF8E09A819917A6B00E72FF1 /* ScoreLine.png in Resources */,
				DF18A51F198FE17E00829DDC /* icon.png in Resources */,
				DF45BC69198F8E8700C2BFB3 /* demons.mp3 in Resources */,
				DF45BBFC198F8E4A00C2BFB3 /* Main.storyboard in Resources */,
				DF18A52B198FE3BC00829DDC /* iphoneNormal.png in Resources */,
				DF18A527198FE17E00829DDC /* launchimg2.png in Resources */,
			);
			runOnlyForDeploymentPostprocessing = 0;
		};
		DF45BC09198F8E4B00C2BFB3 /* Resources */ = {
			isa = PBXResourcesBuildPhase;
			buildActionMask = 2147483647;
			files = (
				DF45BC17198F8E4B00C2BFB3 /* InfoPlist.strings in Resources */,
			);
			runOnlyForDeploymentPostprocessing = 0;
		};
/* End PBXResourcesBuildPhase section */

/* Begin PBXSourcesBuildPhase section */
		DF45BBDF198F8E4A00C2BFB3 /* Sources */ = {
			isa = PBXSourcesBuildPhase;
			buildActionMask = 2147483647;
			files = (
				DFEB75ED198F948500DD9A09 /* NoteClass.m in Sources */,
				DFEB75E1198F939200DD9A09 /* ExitSure.mm in Sources */,
				DF422C91198F9FED00B62997 /* AudioController.mm in Sources */,
				DF422CA0198FA01B00B62997 /* CAStreamBasicDescription.cpp in Sources */,
				DF422C94198F9FED00B62997 /* WaveFFTCepstrumHelper.cpp in Sources */,
				DF45BBFF198F8E4A00C2BFB3 /* ViewController.mm in Sources */,
				DFEB75DB198F931500DD9A09 /* SongScene.mm in Sources */,
				DF422C93198F9FED00B62997 /* DCRejectionFilter.cpp in Sources */,
				DF422C92198F9FED00B62997 /* BufferManager.cpp in Sources */,
				DF45BBF9198F8E4A00C2BFB3 /* AppDelegate.mm in Sources */,
				DFEB75DE198F936800DD9A09 /* SongChooseMenu.mm in Sources */,
				DFEB75E7198F93D100DD9A09 /* HighScorePage.mm in Sources */,
				DF45BBF5198F8E4A00C2BFB3 /* main.m in Sources */,
				DF422CA1198FA01B00B62997 /* CAXException.cpp in Sources */,
				DFEB75EA198F93F200DD9A09 /* HeadPhones.mm in Sources */,
				DF422C9F198FA01B00B62997 /* CADebugMacros.cpp in Sources */,
				DFEB75E4198F93B300DD9A09 /* MainMenu.mm in Sources */,
			);
			runOnlyForDeploymentPostprocessing = 0;
		};
		DF45BC07198F8E4B00C2BFB3 /* Sources */ = {
			isa = PBXSourcesBuildPhase;
			buildActionMask = 2147483647;
			files = (
				DF45BC19198F8E4B00C2BFB3 /* The_Singing_CoachTests.m in Sources */,
			);
			runOnlyForDeploymentPostprocessing = 0;
		};
/* End PBXSourcesBuildPhase section */

/* Begin PBXTargetDependency section */
		DF45BC11198F8E4B00C2BFB3 /* PBXTargetDependency */ = {
			isa = PBXTargetDependency;
			target = DF45BBE2198F8E4A00C2BFB3 /* SingingCoach */;
			targetProxy = DF45BC10198F8E4B00C2BFB3 /* PBXContainerItemProxy */;
		};
/* End PBXTargetDependency section */

/* Begin PBXVariantGroup section */
		DF45BBF1198F8E4A00C2BFB3 /* InfoPlist.strings */ = {
			isa = PBXVariantGroup;
			children = (
				DF45BBF2198F8E4A00C2BFB3 /* en */,
			);
			name = InfoPlist.strings;
			sourceTree = "<group>";
		};
		DF45BBFA198F8E4A00C2BFB3 /* Main.storyboard */ = {
			isa = PBXVariantGroup;
			children = (
				DF45BBFB198F8E4A00C2BFB3 /* Base */,
			);
			name = Main.storyboard;
			sourceTree = "<group>";
		};
		DF45BC15198F8E4B00C2BFB3 /* InfoPlist.strings */ = {
			isa = PBXVariantGroup;
			children = (
				DF45BC16198F8E4B00C2BFB3 /* en */,
			);
			name = InfoPlist.strings;
			sourceTree = "<group>";
		};
/* End PBXVariantGroup section */

/* Begin XCBuildConfiguration section */
		DF45BC1A198F8E4B00C2BFB3 /* Debug */ = {
			isa = XCBuildConfiguration;
			buildSettings = {
				ALWAYS_SEARCH_USER_PATHS = NO;
				CLANG_CXX_LANGUAGE_STANDARD = "gnu++0x";
				CLANG_CXX_LIBRARY = "libc++";
				CLANG_ENABLE_MODULES = YES;
				CLANG_ENABLE_OBJC_ARC = YES;
				CLANG_WARN_BOOL_CONVERSION = YES;
				CLANG_WARN_CONSTANT_CONVERSION = YES;
				CLANG_WARN_DIRECT_OBJC_ISA_USAGE = YES_ERROR;
				CLANG_WARN_EMPTY_BODY = YES;
				CLANG_WARN_ENUM_CONVERSION = YES;
				CLANG_WARN_INT_CONVERSION = YES;
				CLANG_WARN_OBJC_ROOT_CLASS = YES_ERROR;
				CLANG_WARN__DUPLICATE_METHOD_MATCH = YES;
				"CODE_SIGN_IDENTITY[sdk=iphoneos*]" = "iPhone Developer";
				COPY_PHASE_STRIP = NO;
				GCC_C_LANGUAGE_STANDARD = gnu99;
				GCC_DYNAMIC_NO_PIC = NO;
				GCC_OPTIMIZATION_LEVEL = 0;
				GCC_PREPROCESSOR_DEFINITIONS = (
					"DEBUG=1",
					"$(inherited)",
				);
				GCC_SYMBOLS_PRIVATE_EXTERN = NO;
				GCC_WARN_64_TO_32_BIT_CONVERSION = YES;
				GCC_WARN_ABOUT_RETURN_TYPE = YES_ERROR;
				GCC_WARN_UNDECLARED_SELECTOR = YES;
				GCC_WARN_UNINITIALIZED_AUTOS = YES_AGGRESSIVE;
				GCC_WARN_UNUSED_FUNCTION = YES;
				GCC_WARN_UNUSED_VARIABLE = YES;
				IPHONEOS_DEPLOYMENT_TARGET = 7.1;
				ONLY_ACTIVE_ARCH = YES;
				SDKROOT = iphoneos;
			};
			name = Debug;
		};
		DF45BC1B198F8E4B00C2BFB3 /* Release */ = {
			isa = XCBuildConfiguration;
			buildSettings = {
				ALWAYS_SEARCH_USER_PATHS = NO;
				CLANG_CXX_LANGUAGE_STANDARD = "gnu++0x";
				CLANG_CXX_LIBRARY = "libc++";
				CLANG_ENABLE_MODULES = YES;
				CLANG_ENABLE_OBJC_ARC = YES;
				CLANG_WARN_BOOL_CONVERSION = YES;
				CLANG_WARN_CONSTANT_CONVERSION = YES;
				CLANG_WARN_DIRECT_OBJC_ISA_USAGE = YES_ERROR;
				CLANG_WARN_EMPTY_BODY = YES;
				CLANG_WARN_ENUM_CONVERSION = YES;
				CLANG_WARN_INT_CONVERSION = YES;
				CLANG_WARN_OBJC_ROOT_CLASS = YES_ERROR;
				CLANG_WARN__DUPLICATE_METHOD_MATCH = YES;
				"CODE_SIGN_IDENTITY[sdk=iphoneos*]" = "iPhone Developer";
				COPY_PHASE_STRIP = YES;
				ENABLE_NS_ASSERTIONS = NO;
				GCC_C_LANGUAGE_STANDARD = gnu99;
				GCC_WARN_64_TO_32_BIT_CONVERSION = YES;
				GCC_WARN_ABOUT_RETURN_TYPE = YES_ERROR;
				GCC_WARN_UNDECLARED_SELECTOR = YES;
				GCC_WARN_UNINITIALIZED_AUTOS = YES_AGGRESSIVE;
				GCC_WARN_UNUSED_FUNCTION = YES;
				GCC_WARN_UNUSED_VARIABLE = YES;
				IPHONEOS_DEPLOYMENT_TARGET = 7.1;
				SDKROOT = iphoneos;
				VALIDATE_PRODUCT = YES;
			};
			name = Release;
		};
		DF45BC1D198F8E4B00C2BFB3 /* Debug */ = {
			isa = XCBuildConfiguration;
			buildSettings = {
				ASSETCATALOG_COMPILER_APPICON_NAME = AppIcon;
				ASSETCATALOG_COMPILER_LAUNCHIMAGE_NAME = LaunchImage;
				CODE_SIGN_IDENTITY = "iPhone Developer";
				"CODE_SIGN_IDENTITY[sdk=iphoneos*]" = "iPhone Developer";
				FRAMEWORK_SEARCH_PATHS = (
					"$(inherited)",
					"$(DEVELOPER_FRAMEWORKS_DIR)",
				);
				GCC_PRECOMPILE_PREFIX_HEADER = YES;
				GCC_PREFIX_HEADER = "The Singing Coach/SingingCoach-Prefix.pch";
				INFOPLIST_FILE = "The Singing Coach/SingingCoach-Info.plist";
				IPHONEOS_DEPLOYMENT_TARGET = 7.1;
				PRODUCT_NAME = SingingCoach;
				PROVISIONING_PROFILE = "";
				SPRITEKIT_TEXTURE_ATLAS_OUTPUT = YES;
				TARGETED_DEVICE_FAMILY = "1,2";
				WRAPPER_EXTENSION = app;
			};
			name = Debug;
		};
		DF45BC1E198F8E4B00C2BFB3 /* Release */ = {
			isa = XCBuildConfiguration;
			buildSettings = {
				ASSETCATALOG_COMPILER_APPICON_NAME = AppIcon;
				ASSETCATALOG_COMPILER_LAUNCHIMAGE_NAME = LaunchImage;
				CODE_SIGN_IDENTITY = "iPhone Developer";
				"CODE_SIGN_IDENTITY[sdk=iphoneos*]" = "iPhone Developer";
				FRAMEWORK_SEARCH_PATHS = (
					"$(inherited)",
					"$(DEVELOPER_FRAMEWORKS_DIR)",
				);
				GCC_PRECOMPILE_PREFIX_HEADER = YES;
				GCC_PREFIX_HEADER = "The Singing Coach/SingingCoach-Prefix.pch";
				INFOPLIST_FILE = "The Singing Coach/SingingCoach-Info.plist";
				IPHONEOS_DEPLOYMENT_TARGET = 7.1;
				PRODUCT_NAME = SingingCoach;
				PROVISIONING_PROFILE = "";
				SPRITEKIT_TEXTURE_ATLAS_OUTPUT = YES;
				TARGETED_DEVICE_FAMILY = "1,2";
				WRAPPER_EXTENSION = app;
			};
			name = Release;
		};
		DF45BC20198F8E4B00C2BFB3 /* Debug */ = {
			isa = XCBuildConfiguration;
			buildSettings = {
				BUNDLE_LOADER = "$(BUILT_PRODUCTS_DIR)/The Singing Coach.app/The Singing Coach";
				FRAMEWORK_SEARCH_PATHS = (
					"$(SDKROOT)/Developer/Library/Frameworks",
					"$(inherited)",
					"$(DEVELOPER_FRAMEWORKS_DIR)",
				);
				GCC_PRECOMPILE_PREFIX_HEADER = YES;
				GCC_PREFIX_HEADER = "The Singing Coach/The Singing Coach-Prefix.pch";
				GCC_PREPROCESSOR_DEFINITIONS = (
					"DEBUG=1",
					"$(inherited)",
				);
				INFOPLIST_FILE = "The Singing CoachTests/SingingCoachTests-Info.plist";
				PRODUCT_NAME = SingingCoachTests;
				TEST_HOST = "$(BUNDLE_LOADER)";
				WRAPPER_EXTENSION = xctest;
			};
			name = Debug;
		};
		DF45BC21198F8E4B00C2BFB3 /* Release */ = {
			isa = XCBuildConfiguration;
			buildSettings = {
				BUNDLE_LOADER = "$(BUILT_PRODUCTS_DIR)/The Singing Coach.app/The Singing Coach";
				FRAMEWORK_SEARCH_PATHS = (
					"$(SDKROOT)/Developer/Library/Frameworks",
					"$(inherited)",
					"$(DEVELOPER_FRAMEWORKS_DIR)",
				);
				GCC_PRECOMPILE_PREFIX_HEADER = YES;
				GCC_PREFIX_HEADER = "The Singing Coach/The Singing Coach-Prefix.pch";
				INFOPLIST_FILE = "The Singing CoachTests/SingingCoachTests-Info.plist";
				PRODUCT_NAME = SingingCoachTests;
				TEST_HOST = "$(BUNDLE_LOADER)";
				WRAPPER_EXTENSION = xctest;
			};
			name = Release;
		};
/* End XCBuildConfiguration section */

/* Begin XCConfigurationList section */
		DF45BBDE198F8E4A00C2BFB3 /* Build configuration list for PBXProject "SingingCoach" */ = {
			isa = XCConfigurationList;
			buildConfigurations = (
				DF45BC1A198F8E4B00C2BFB3 /* Debug */,
				DF45BC1B198F8E4B00C2BFB3 /* Release */,
			);
			defaultConfigurationIsVisible = 0;
			defaultConfigurationName = Release;
		};
		DF45BC1C198F8E4B00C2BFB3 /* Build configuration list for PBXNativeTarget "SingingCoach" */ = {
			isa = XCConfigurationList;
			buildConfigurations = (
				DF45BC1D198F8E4B00C2BFB3 /* Debug */,
				DF45BC1E198F8E4B00C2BFB3 /* Release */,
			);
			defaultConfigurationIsVisible = 0;
			defaultConfigurationName = Release;
		};
		DF45BC1F198F8E4B00C2BFB3 /* Build configuration list for PBXNativeTarget "SingingCoachTests" */ = {
			isa = XCConfigurationList;
			buildConfigurations = (
				DF45BC20198F8E4B00C2BFB3 /* Debug */,
				DF45BC21198F8E4B00C2BFB3 /* Release */,
			);
			defaultConfigurationIsVisible = 0;
			defaultConfigurationName = Release;
		};
/* End XCConfigurationList section */
	};
	rootObject = DF45BBDB198F8E4A00C2BFB3 /* Project object */;
}
